# THIS IS AN AUTOGENERATED FILE. DO NOT EDIT THIS FILE DIRECTLY.
# yarn lockfile v1


zenroom@^2.2.0-d16618a:
  version "2.2.0-d16618a"
  resolved "https://registry.yarnpkg.com/zenroom/-/zenroom-2.2.0-d16618a.tgz#d0dd2f20b54a0a70624d500a07d5b3eb28b71374"
  integrity sha512-NqYeMcEOwo4kmum49gCGYc/E/CdhRecuB1uSP3xpLrHYUzoYZjVpVRVqv2qL2mM77yVtxfduIPMui+jfhzLLng==
