# THIS IS AN AUTOGENERATED FILE. DO NOT EDIT THIS FILE DIRECTLY.
# yarn lockfile v1


"@dyne/zencode-chain@^1.2.0":
  version "1.2.0"
  resolved "https://registry.yarnpkg.com/@dyne/zencode-chain/-/zencode-chain-1.2.0.tgz#7961d66fd7e9c2e7e4767f38f7ef19958ef89271"
  integrity sha512-GngKwQpJH+SbtBg5JGNDAHkhJmN1IPdrHFRCz44kfbK+LirC6qY3r+AIUk0jVshm6jVv5oBns5GPfqEPb9tSgg==

zenroom@^2.2.0-65e9d78:
  version "2.2.0-65e9d78"
  resolved "https://registry.yarnpkg.com/zenroom/-/zenroom-2.2.0-65e9d78.tgz#eec71e7f93826c1d6c0792474bfddfe3d2cd22ba"
  integrity sha512-XoMvzJfnlq/XwXKId0w9/+TYTKzdFNrdjJVrpoZHz6Gm0xGRIBEJxFLoMPMbtrjhQ0JD+Xky9a/nSy0tSIxsvA==
